# This file is autogenerated, do not edit; changes may be undone by the next 'dep ensure'.


[[projects]]
  digest = "1:fe421c7102aa7290dc831e2772971a2c74155013b68c2769c0da44383f7aa6be"
  name = "github.com/BurntSushi/toml"
  packages = ["."]
  pruneopts = ""
  revision = "a368813c5e648fee92e5f6c30e3944ff9d5e8895"

[[projects]]
  digest = "1:bcb38c8fc9b21bb8682ce2d605a7d4aeb618abc7f827e3ac0b27c0371fdb23fb"
  name = "github.com/golang/protobuf"
  packages = ["proto"]
  pruneopts = ""
  revision = "925541529c1fa6821df4e44ce2723319eb2be768"
  version = "v1.0.0"

[[projects]]
  digest = "1:3e338088ae8edaff386d4a90f89fc058dde595ce426fd5e9e8fb610032d0fcdc"
  name = "github.com/google/go-github"
  packages = ["github"]
  pruneopts = ""
  revision = "e7bb4b8ce29fb7beaf0765acda602bc516a56dd5"

[[projects]]
  branch = "master"
  digest = "1:9abc49f39e3e23e262594bb4fb70abf74c0c99e94f99153f43b143805e850719"
  name = "github.com/google/go-querystring"
  packages = ["query"]
  pruneopts = ""
  revision = "53e6ce116135b80d037921a7fdd5138cf32d7a8a"

[[projects]]
  branch = "master"
  digest = "1:36b663edad28d59e0759fc5eaccbc7d502c1df8af775e26df73a87eabb8b5350"
  name = "golang.org/x/net"
  packages = [
    "context",
    "context/ctxhttp",
  ]
  pruneopts = ""
  revision = "d25186b37f34ebdbbea8f488ef055638dfab272d"

[[projects]]
  branch = "master"
  digest = "1:4efb9bf4c68f34463c4cadad9db3ea4ad4d3b4d6185701a04f6aabd233ffe5f6"
  name = "golang.org/x/oauth2"
  packages = [
    ".",
    "internal",
  ]
  pruneopts = ""
  revision = "2f32c3ac0fa4fb807a0fcefb0b6f2468a0d99bd0"

[[projects]]
  digest = "1:934fb8966f303ede63aa405e2c8d7f0a427a05ea8df335dfdc1833dd4d40756f"
  name = "google.golang.org/appengine"
  packages = [
    "internal",
    "internal/base",
    "internal/datastore",
    "internal/log",
    "internal/remote_api",
    "internal/urlfetch",
    "urlfetch",
  ]
  pruneopts = ""
  revision = "150dc57a1b433e64154302bdc40b6bb8aefa313a"
  version = "v1.0.0"

[solve-meta]
  analyzer-name = "dep"
  analyzer-version = 1
  input-imports = [
    "github.com/BurntSushi/toml",
    "github.com/google/go-github/github",
    "golang.org/x/oauth2",
  ]
  solver-name = "gps-cdcl"
  solver-version = 1
